
Microsoft Visual Studio Solution File, Format Version 12.00
# Visual Studio Version 17
VisualStudioVersion = 17.7.34031.279
MinimumVisualStudioVersion = 10.0.40219.1
Project("{FAE04EC0-301F-11D3-BF4B-00C04F79EFBC}") = "EnergySim", "EnergySim\EnergySim.csproj", "{084D602E-AB6B-4D91-827C-148CEC97908A}"
EndProject
Global
	GlobalSection(SolutionConfigurationPlatforms) = preSolution
		Debug|Any CPU = Debug|Any CPU
		Release|Any CPU = Release|Any CPU
	EndGlobalSection
	GlobalSection(ProjectConfigurationPlatforms) = postSolution
		{084D602E-AB6B-4D91-827C-148CEC97908A}.Debug|Any CPU.ActiveCfg = Debug|Any CPU
		{084D602E-AB6B-4D91-827C-148CEC97908A}.Debug|Any CPU.Build.0 = Debug|Any CPU
		{084D602E-AB6B-4D91-827C-148CEC97908A}.Release|Any CPU.ActiveCfg = Release|Any CPU
		{084D602E-AB6B-4D91-827C-148CEC97908A}.Release|Any CPU.Build.0 = Release|Any CPU
	EndGlobalSection
	GlobalSection(SolutionProperties) = preSolution
		HideSolutionNode = FALSE
	EndGlobalSection
	GlobalSection(ExtensibilityGlobals) = postSolution
		SolutionGuid = {CFA73559-C79F-4E45-9513-C1FF43064525}
	EndGlobalSection
EndGlobal
